{
  "name": "resourcecollector",
  "version": "1.0.0",
  "lockfileVersion": 2,
  "requires": true,
  "packages": {
    "": {
      "name": "resourcecollector",
      "version": "1.0.0",
      "license": "ISC",
      "dependencies": {
        "systeminformation": "^5.7.7"
      },
      "bin": {
        "app": "dist/src/app.js"
      },
      "devDependencies": {
        "@types/node": "^16.0.1"
      }
    },
    "node_modules/@types/node": {
      "version": "16.0.1",
      "resolved": "https://registry.npmjs.org/@types/node/-/node-16.0.1.tgz",
      "integrity": "sha512-hBOx4SUlEPKwRi6PrXuTGw1z6lz0fjsibcWCM378YxsSu/6+C30L6CR49zIBKHiwNWCYIcOLjg4OHKZaFeLAug==",
      "dev": true
    },
    "node_modules/systeminformation": {
      "version": "5.7.7",
      "resolved": "https://registry.npmjs.org/systeminformation/-/systeminformation-5.7.7.tgz",
      "integrity": "sha512-aQ7MBeVI2MKPYOi3YJAoZ45JVlRkBA7IXoqGgtVBamvtE0I6JLOyJzD/VVc9pnMXDb3yqaMwssAjhwtJax4/Rw==",
      "os": [
        "darwin",
        "linux",
        "win32",
        "freebsd",
        "openbsd",
        "netbsd",
        "sunos"
      ],
      "bin": {
        "systeminformation": "lib/cli.js"
      },
      "engines": {
        "node": ">=4.0.0"
      },
      "funding": {
        "type": "Buy me a coffee",
        "url": "https://www.buymeacoffee.com/systeminfo"
      }
    }
  },
  "dependencies": {
    "@types/node": {
      "version": "16.0.1",
      "resolved": "https://registry.npmjs.org/@types/node/-/node-16.0.1.tgz",
      "integrity": "sha512-hBOx4SUlEPKwRi6PrXuTGw1z6lz0fjsibcWCM378YxsSu/6+C30L6CR49zIBKHiwNWCYIcOLjg4OHKZaFeLAug==",
      "dev": true
    },
    "systeminformation": {
      "version": "5.7.7",
      "resolved": "https://registry.npmjs.org/systeminformation/-/systeminformation-5.7.7.tgz",
      "integrity": "sha512-aQ7MBeVI2MKPYOi3YJAoZ45JVlRkBA7IXoqGgtVBamvtE0I6JLOyJzD/VVc9pnMXDb3yqaMwssAjhwtJax4/Rw=="
    }
  }
}
